
Microsoft Visual Studio Solution File, Format Version 12.00
# Visual Studio Version 16
VisualStudioVersion = 16.0.30611.23
MinimumVisualStudioVersion = 10.0.40219.1
Project("{8BC9CEB8-8B4A-11D0-8D11-00A0C91BC942}") = "Ispit13", "Ispit13\Ispit13.vcxproj", "{52374DA0-C08E-43D0-B8BD-194D370DEAF9}"
EndProject
Global
	GlobalSection(SolutionConfigurationPlatforms) = preSolution
		Debug|x64 = Debug|x64
		Debug|x86 = Debug|x86
		Release|x64 = Release|x64
		Release|x86 = Release|x86
	EndGlobalSection
	GlobalSection(ProjectConfigurationPlatforms) = postSolution
		{52374DA0-C08E-43D0-B8BD-194D370DEAF9}.Debug|x64.ActiveCfg = Debug|x64
		{52374DA0-C08E-43D0-B8BD-194D370DEAF9}.Debug|x64.Build.0 = Debug|x64
		{52374DA0-C08E-43D0-B8BD-194D370DEAF9}.Debug|x86.ActiveCfg = Debug|Win32
		{52374DA0-C08E-43D0-B8BD-194D370DEAF9}.Debug|x86.Build.0 = Debug|Win32
		{52374DA0-C08E-43D0-B8BD-194D370DEAF9}.Release|x64.ActiveCfg = Release|x64
		{52374DA0-C08E-43D0-B8BD-194D370DEAF9}.Release|x64.Build.0 = Release|x64
		{52374DA0-C08E-43D0-B8BD-194D370DEAF9}.Release|x86.ActiveCfg = Release|Win32
		{52374DA0-C08E-43D0-B8BD-194D370DEAF9}.Release|x86.Build.0 = Release|Win32
	EndGlobalSection
	GlobalSection(SolutionProperties) = preSolution
		HideSolutionNode = FALSE
	EndGlobalSection
	GlobalSection(ExtensibilityGlobals) = postSolution
		SolutionGuid = {3CCEFD30-B826-4F74-8C47-8D789DDA1794}
	EndGlobalSection
EndGlobal
